Microsoft Visual Studio Solution File, Format Version 12.00
# Visual Studio 2012
Project("{FAE04EC0-301F-11D3-BF4B-00C04F79EFBC}") = "JIKSIM'21", "JIKSIM'21.csproj", "{DCFB7D7F-2313-40B1-966C-D81F1ECECDCA}"
EndProject
Global
	GlobalSection(SolutionConfigurationPlatforms) = preSolution
	Debug|Any CPU = Debug|Any CPU
	ExportDebug|Any CPU = ExportDebug|Any CPU
	ExportRelease|Any CPU = ExportRelease|Any CPU
	EndGlobalSection
	GlobalSection(ProjectConfigurationPlatforms) = postSolution
		{DCFB7D7F-2313-40B1-966C-D81F1ECECDCA}.Debug|Any CPU.ActiveCfg = Debug|Any CPU
		{DCFB7D7F-2313-40B1-966C-D81F1ECECDCA}.Debug|Any CPU.Build.0 = Debug|Any CPU
		{DCFB7D7F-2313-40B1-966C-D81F1ECECDCA}.ExportDebug|Any CPU.ActiveCfg = ExportDebug|Any CPU
		{DCFB7D7F-2313-40B1-966C-D81F1ECECDCA}.ExportDebug|Any CPU.Build.0 = ExportDebug|Any CPU
		{DCFB7D7F-2313-40B1-966C-D81F1ECECDCA}.ExportRelease|Any CPU.ActiveCfg = ExportRelease|Any CPU
		{DCFB7D7F-2313-40B1-966C-D81F1ECECDCA}.ExportRelease|Any CPU.Build.0 = ExportRelease|Any CPU
	EndGlobalSection
EndGlobal
